// !$*UTF8*$!
{
	archiveVersion = 1;
	classes = {
	};
	objectVersion = 55;
	objects = {

/* Begin PBXBuildFile section */
		24794704284580BF00ECF90C /* CDStack.swift in Sources */ = {isa = PBXBuildFile; fileRef = 24FC7A6B2844CA3A002581FD /* CDStack.swift */; };
		24CD69B92847963D000BEC0C /* DataModel.xcdatamodeld in Sources */ = {isa = PBXBuildFile; fileRef = 24CD69B72847963D000BEC0C /* DataModel.xcdatamodeld */; };
		24CD69BA2847967D000BEC0C /* DataModel.xcdatamodeld in Sources */ = {isa = PBXBuildFile; fileRef = 24CD69B72847963D000BEC0C /* DataModel.xcdatamodeld */; };
		24CD69BD28479CFE000BEC0C /* Day+CoreDataClass.swift in Sources */ = {isa = PBXBuildFile; fileRef = 24CD69BB28479CFE000BEC0C /* Day+CoreDataClass.swift */; };
		24CD69BE28479CFE000BEC0C /* Day+CoreDataClass.swift in Sources */ = {isa = PBXBuildFile; fileRef = 24CD69BB28479CFE000BEC0C /* Day+CoreDataClass.swift */; };
		24CD69BF28479CFE000BEC0C /* Day+CoreDataProperties.swift in Sources */ = {isa = PBXBuildFile; fileRef = 24CD69BC28479CFE000BEC0C /* Day+CoreDataProperties.swift */; };
		24CD69C028479CFE000BEC0C /* Day+CoreDataProperties.swift in Sources */ = {isa = PBXBuildFile; fileRef = 24CD69BC28479CFE000BEC0C /* Day+CoreDataProperties.swift */; };
		24CD69C328479E28000BEC0C /* WatchKit.swift in Sources */ = {isa = PBXBuildFile; fileRef = 24CD69C228479E28000BEC0C /* WatchKit.swift */; };
		24CD69C428479E28000BEC0C /* WatchKit.swift in Sources */ = {isa = PBXBuildFile; fileRef = 24CD69C228479E28000BEC0C /* WatchKit.swift */; };
		24FC7A372844C9BD002581FD /* MedcineAppOvatsApp.swift in Sources */ = {isa = PBXBuildFile; fileRef = 24FC7A362844C9BD002581FD /* MedcineAppOvatsApp.swift */; };
		24FC7A392844C9BD002581FD /* ContentView.swift in Sources */ = {isa = PBXBuildFile; fileRef = 24FC7A382844C9BD002581FD /* ContentView.swift */; };
		24FC7A3B2844C9BF002581FD /* Assets.xcassets in Resources */ = {isa = PBXBuildFile; fileRef = 24FC7A3A2844C9BF002581FD /* Assets.xcassets */; };
		24FC7A3E2844C9BF002581FD /* Preview Assets.xcassets in Resources */ = {isa = PBXBuildFile; fileRef = 24FC7A3D2844C9BF002581FD /* Preview Assets.xcassets */; };
		24FC7A422844C9BF002581FD /* MedcineAppOvats WatchKit App.app in Embed Watch Content */ = {isa = PBXBuildFile; fileRef = 24FC7A412844C9BF002581FD /* MedcineAppOvats WatchKit App.app */; settings = {ATTRIBUTES = (RemoveHeadersOnCopy, ); }; };
		24FC7A472844C9C0002581FD /* Assets.xcassets in Resources */ = {isa = PBXBuildFile; fileRef = 24FC7A462844C9C0002581FD /* Assets.xcassets */; };
		24FC7A4D2844C9C0002581FD /* MedcineAppOvats WatchKit Extension.appex in Embed App Extensions */ = {isa = PBXBuildFile; fileRef = 24FC7A4C2844C9C0002581FD /* MedcineAppOvats WatchKit Extension.appex */; settings = {ATTRIBUTES = (RemoveHeadersOnCopy, ); }; };
		24FC7A542844C9C0002581FD /* MedcineAppOvatsApp.swift in Sources */ = {isa = PBXBuildFile; fileRef = 24FC7A532844C9C0002581FD /* MedcineAppOvatsApp.swift */; };
		24FC7A562844C9C0002581FD /* ComplicationController.swift in Sources */ = {isa = PBXBuildFile; fileRef = 24FC7A552844C9C0002581FD /* ComplicationController.swift */; };
		24FC7A582844C9C0002581FD /* Assets.xcassets in Resources */ = {isa = PBXBuildFile; fileRef = 24FC7A572844C9C0002581FD /* Assets.xcassets */; };
		24FC7A5B2844C9C0002581FD /* Preview Assets.xcassets in Resources */ = {isa = PBXBuildFile; fileRef = 24FC7A5A2844C9C0002581FD /* Preview Assets.xcassets */; };
		24FC7A6C2844CA3A002581FD /* CDStack.swift in Sources */ = {isa = PBXBuildFile; fileRef = 24FC7A6B2844CA3A002581FD /* CDStack.swift */; };
		24FC7A6F28452A8F002581FD /* RowCell.swift in Sources */ = {isa = PBXBuildFile; fileRef = 24FC7A6E28452A8F002581FD /* RowCell.swift */; };
		24FC7A70284545EE002581FD /* ContentView.swift in Sources */ = {isa = PBXBuildFile; fileRef = 24FC7A382844C9BD002581FD /* ContentView.swift */; };
		24FC7A71284546BB002581FD /* RowCell.swift in Sources */ = {isa = PBXBuildFile; fileRef = 24FC7A6E28452A8F002581FD /* RowCell.swift */; };
/* End PBXBuildFile section */

/* Begin PBXContainerItemProxy section */
		24FC7A432844C9BF002581FD /* PBXContainerItemProxy */ = {
			isa = PBXContainerItemProxy;
			containerPortal = 24FC7A2B2844C9BD002581FD /* Project object */;
			proxyType = 1;
			remoteGlobalIDString = 24FC7A402844C9BF002581FD;
			remoteInfo = "MedcineAppOvats WatchKit App";
		};
		24FC7A4E2844C9C0002581FD /* PBXContainerItemProxy */ = {
			isa = PBXContainerItemProxy;
			containerPortal = 24FC7A2B2844C9BD002581FD /* Project object */;
			proxyType = 1;
			remoteGlobalIDString = 24FC7A4B2844C9C0002581FD;
			remoteInfo = "MedcineAppOvats WatchKit Extension";
		};
/* End PBXContainerItemProxy section */

/* Begin PBXCopyFilesBuildPhase section */
		24FC7A622844C9C0002581FD /* Embed App Extensions */ = {
			isa = PBXCopyFilesBuildPhase;
			buildActionMask = 2147483647;
			dstPath = "";
			dstSubfolderSpec = 13;
			files = (
				24FC7A4D2844C9C0002581FD /* MedcineAppOvats WatchKit Extension.appex in Embed App Extensions */,
			);
			name = "Embed App Extensions";
			runOnlyForDeploymentPostprocessing = 0;
		};
		24FC7A662844C9C0002581FD /* Embed Watch Content */ = {
			isa = PBXCopyFilesBuildPhase;
			buildActionMask = 2147483647;
			dstPath = "$(CONTENTS_FOLDER_PATH)/Watch";
			dstSubfolderSpec = 16;
			files = (
				24FC7A422844C9BF002581FD /* MedcineAppOvats WatchKit App.app in Embed Watch Content */,
			);
			name = "Embed Watch Content";
			runOnlyForDeploymentPostprocessing = 0;
		};
/* End PBXCopyFilesBuildPhase section */

/* Begin PBXFileReference section */
		24CD69B82847963D000BEC0C /* DataModel.xcdatamodel */ = {isa = PBXFileReference; lastKnownFileType = wrapper.xcdatamodel; path = DataModel.xcdatamodel; sourceTree = "<group>"; };
		24CD69BB28479CFE000BEC0C /* Day+CoreDataClass.swift */ = {isa = PBXFileReference; lastKnownFileType = sourcecode.swift; path = "Day+CoreDataClass.swift"; sourceTree = "<group>"; };
		24CD69BC28479CFE000BEC0C /* Day+CoreDataProperties.swift */ = {isa = PBXFileReference; lastKnownFileType = sourcecode.swift; path = "Day+CoreDataProperties.swift"; sourceTree = "<group>"; };
		24CD69C228479E28000BEC0C /* WatchKit.swift */ = {isa = PBXFileReference; lastKnownFileType = sourcecode.swift; path = WatchKit.swift; sourceTree = "<group>"; };
		24FC7A332844C9BD002581FD /* MedcineAppOvats.app */ = {isa = PBXFileReference; explicitFileType = wrapper.application; includeInIndex = 0; path = MedcineAppOvats.app; sourceTree = BUILT_PRODUCTS_DIR; };
		24FC7A362844C9BD002581FD /* MedcineAppOvatsApp.swift */ = {isa = PBXFileReference; lastKnownFileType = sourcecode.swift; path = MedcineAppOvatsApp.swift; sourceTree = "<group>"; };
		24FC7A382844C9BD002581FD /* ContentView.swift */ = {isa = PBXFileReference; lastKnownFileType = sourcecode.swift; path = ContentView.swift; sourceTree = "<group>"; };
		24FC7A3A2844C9BF002581FD /* Assets.xcassets */ = {isa = PBXFileReference; lastKnownFileType = folder.assetcatalog; path = Assets.xcassets; sourceTree = "<group>"; };
		24FC7A3D2844C9BF002581FD /* Preview Assets.xcassets */ = {isa = PBXFileReference; lastKnownFileType = folder.assetcatalog; path = "Preview Assets.xcassets"; sourceTree = "<group>"; };
		24FC7A412844C9BF002581FD /* MedcineAppOvats WatchKit App.app */ = {isa = PBXFileReference; explicitFileType = wrapper.application; includeInIndex = 0; path = "MedcineAppOvats WatchKit App.app"; sourceTree = BUILT_PRODUCTS_DIR; };
		24FC7A462844C9C0002581FD /* Assets.xcassets */ = {isa = PBXFileReference; lastKnownFileType = folder.assetcatalog; path = Assets.xcassets; sourceTree = "<group>"; };
		24FC7A4C2844C9C0002581FD /* MedcineAppOvats WatchKit Extension.appex */ = {isa = PBXFileReference; explicitFileType = "wrapper.app-extension"; includeInIndex = 0; path = "MedcineAppOvats WatchKit Extension.appex"; sourceTree = BUILT_PRODUCTS_DIR; };
		24FC7A532844C9C0002581FD /* MedcineAppOvatsApp.swift */ = {isa = PBXFileReference; lastKnownFileType = sourcecode.swift; path = MedcineAppOvatsApp.swift; sourceTree = "<group>"; };
		24FC7A552844C9C0002581FD /* ComplicationController.swift */ = {isa = PBXFileReference; lastKnownFileType = sourcecode.swift; path = ComplicationController.swift; sourceTree = "<group>"; };
		24FC7A572844C9C0002581FD /* Assets.xcassets */ = {isa = PBXFileReference; lastKnownFileType = folder.assetcatalog; path = Assets.xcassets; sourceTree = "<group>"; };
		24FC7A5A2844C9C0002581FD /* Preview Assets.xcassets */ = {isa = PBXFileReference; lastKnownFileType = folder.assetcatalog; path = "Preview Assets.xcassets"; sourceTree = "<group>"; };
		24FC7A5C2844C9C0002581FD /* Info.plist */ = {isa = PBXFileReference; lastKnownFileType = text.plist.xml; path = Info.plist; sourceTree = "<group>"; };
		24FC7A6B2844CA3A002581FD /* CDStack.swift */ = {isa = PBXFileReference; lastKnownFileType = sourcecode.swift; path = CDStack.swift; sourceTree = "<group>"; };
		24FC7A6E28452A8F002581FD /* RowCell.swift */ = {isa = PBXFileReference; lastKnownFileType = sourcecode.swift; path = RowCell.swift; sourceTree = "<group>"; };
/* End PBXFileReference section */

/* Begin PBXFrameworksBuildPhase section */
		24FC7A302844C9BD002581FD /* Frameworks */ = {
			isa = PBXFrameworksBuildPhase;
			buildActionMask = 2147483647;
			files = (
			);
			runOnlyForDeploymentPostprocessing = 0;
		};
		24FC7A492844C9C0002581FD /* Frameworks */ = {
			isa = PBXFrameworksBuildPhase;
			buildActionMask = 2147483647;
			files = (
			);
			runOnlyForDeploymentPostprocessing = 0;
		};
/* End PBXFrameworksBuildPhase section */

/* Begin PBXGroup section */
		24CD69C128479E1B000BEC0C /* Core Data */ = {
			isa = PBXGroup;
			children = (
				24FC7A6B2844CA3A002581FD /* CDStack.swift */,
				24CD69BB28479CFE000BEC0C /* Day+CoreDataClass.swift */,
				24CD69BC28479CFE000BEC0C /* Day+CoreDataProperties.swift */,
			);
			path = "Core Data";
			sourceTree = "<group>";
		};
		24FC7A2A2844C9BD002581FD = {
			isa = PBXGroup;
			children = (
				24CD69B72847963D000BEC0C /* DataModel.xcdatamodeld */,
				24FC7A6A2844C9FA002581FD /* Shared Assets */,
				24FC7A352844C9BD002581FD /* MedcineAppOvats */,
				24FC7A452844C9BF002581FD /* MedcineAppOvats WatchKit App */,
				24FC7A502844C9C0002581FD /* MedcineAppOvats WatchKit Extension */,
				24FC7A342844C9BD002581FD /* Products */,
			);
			sourceTree = "<group>";
		};
		24FC7A342844C9BD002581FD /* Products */ = {
			isa = PBXGroup;
			children = (
				24FC7A332844C9BD002581FD /* MedcineAppOvats.app */,
				24FC7A412844C9BF002581FD /* MedcineAppOvats WatchKit App.app */,
				24FC7A4C2844C9C0002581FD /* MedcineAppOvats WatchKit Extension.appex */,
			);
			name = Products;
			sourceTree = "<group>";
		};
		24FC7A352844C9BD002581FD /* MedcineAppOvats */ = {
			isa = PBXGroup;
			children = (
				24FC7A6E28452A8F002581FD /* RowCell.swift */,
				24FC7A362844C9BD002581FD /* MedcineAppOvatsApp.swift */,
				24FC7A382844C9BD002581FD /* ContentView.swift */,
				24FC7A3A2844C9BF002581FD /* Assets.xcassets */,
				24FC7A3C2844C9BF002581FD /* Preview Content */,
			);
			path = MedcineAppOvats;
			sourceTree = "<group>";
		};
		24FC7A3C2844C9BF002581FD /* Preview Content */ = {
			isa = PBXGroup;
			children = (
				24FC7A3D2844C9BF002581FD /* Preview Assets.xcassets */,
			);
			path = "Preview Content";
			sourceTree = "<group>";
		};
		24FC7A452844C9BF002581FD /* MedcineAppOvats WatchKit App */ = {
			isa = PBXGroup;
			children = (
				24FC7A462844C9C0002581FD /* Assets.xcassets */,
			);
			path = "MedcineAppOvats WatchKit App";
			sourceTree = "<group>";
		};
		24FC7A502844C9C0002581FD /* MedcineAppOvats WatchKit Extension */ = {
			isa = PBXGroup;
			children = (
				24FC7A532844C9C0002581FD /* MedcineAppOvatsApp.swift */,
				24FC7A552844C9C0002581FD /* ComplicationController.swift */,
				24FC7A572844C9C0002581FD /* Assets.xcassets */,
				24FC7A5C2844C9C0002581FD /* Info.plist */,
				24FC7A592844C9C0002581FD /* Preview Content */,
			);
			path = "MedcineAppOvats WatchKit Extension";
			sourceTree = "<group>";
		};
		24FC7A592844C9C0002581FD /* Preview Content */ = {
			isa = PBXGroup;
			children = (
				24FC7A5A2844C9C0002581FD /* Preview Assets.xcassets */,
			);
			path = "Preview Content";
			sourceTree = "<group>";
		};
		24FC7A6A2844C9FA002581FD /* Shared Assets */ = {
			isa = PBXGroup;
			children = (
				24CD69C128479E1B000BEC0C /* Core Data */,
				24CD69C228479E28000BEC0C /* WatchKit.swift */,
			);
			path = "Shared Assets";
			sourceTree = "<group>";
		};
/* End PBXGroup section */

/* Begin PBXNativeTarget section */
		24FC7A322844C9BD002581FD /* MedcineAppOvats */ = {
			isa = PBXNativeTarget;
			buildConfigurationList = 24FC7A672844C9C0002581FD /* Build configuration list for PBXNativeTarget "MedcineAppOvats" */;
			buildPhases = (
				24FC7A2F2844C9BD002581FD /* Sources */,
				24FC7A302844C9BD002581FD /* Frameworks */,
				24FC7A312844C9BD002581FD /* Resources */,
				24FC7A662844C9C0002581FD /* Embed Watch Content */,
			);
			buildRules = (
			);
			dependencies = (
				24FC7A442844C9BF002581FD /* PBXTargetDependency */,
			);
			name = MedcineAppOvats;
			productName = MedcineAppOvats;
			productReference = 24FC7A332844C9BD002581FD /* MedcineAppOvats.app */;
			productType = "com.apple.product-type.application";
		};
		24FC7A402844C9BF002581FD /* MedcineAppOvats WatchKit App */ = {
			isa = PBXNativeTarget;
			buildConfigurationList = 24FC7A632844C9C0002581FD /* Build configuration list for PBXNativeTarget "MedcineAppOvats WatchKit App" */;
			buildPhases = (
				24FC7A3F2844C9BF002581FD /* Resources */,
				24FC7A622844C9C0002581FD /* Embed App Extensions */,
			);
			buildRules = (
			);
			dependencies = (
				24FC7A4F2844C9C0002581FD /* PBXTargetDependency */,
			);
			name = "MedcineAppOvats WatchKit App";
			productName = "MedcineAppOvats WatchKit App";
			productReference = 24FC7A412844C9BF002581FD /* MedcineAppOvats WatchKit App.app */;
			productType = "com.apple.product-type.application.watchapp2";
		};
		24FC7A4B2844C9C0002581FD /* MedcineAppOvats WatchKit Extension */ = {
			isa = PBXNativeTarget;
			buildConfigurationList = 24FC7A5F2844C9C0002581FD /* Build configuration list for PBXNativeTarget "MedcineAppOvats WatchKit Extension" */;
			buildPhases = (
				24FC7A482844C9C0002581FD /* Sources */,
				24FC7A492844C9C0002581FD /* Frameworks */,
				24FC7A4A2844C9C0002581FD /* Resources */,
			);
			buildRules = (
			);
			dependencies = (
			);
			name = "MedcineAppOvats WatchKit Extension";
			productName = "MedcineAppOvats WatchKit Extension";
			productReference = 24FC7A4C2844C9C0002581FD /* MedcineAppOvats WatchKit Extension.appex */;
			productType = "com.apple.product-type.watchkit2-extension";
		};
/* End PBXNativeTarget section */

/* Begin PBXProject section */
		24FC7A2B2844C9BD002581FD /* Project object */ = {
			isa = PBXProject;
			attributes = {
				BuildIndependentTargetsInParallel = 1;
				LastSwiftUpdateCheck = 1340;
				LastUpgradeCheck = 1340;
				TargetAttributes = {
					24FC7A322844C9BD002581FD = {
						CreatedOnToolsVersion = 13.4;
					};
					24FC7A402844C9BF002581FD = {
						CreatedOnToolsVersion = 13.4;
						LastSwiftMigration = 1340;
					};
					24FC7A4B2844C9C0002581FD = {
						CreatedOnToolsVersion = 13.4;
					};
				};
			};
			buildConfigurationList = 24FC7A2E2844C9BD002581FD /* Build configuration list for PBXProject "MedcineAppOvats" */;
			compatibilityVersion = "Xcode 13.0";
			developmentRegion = en;
			hasScannedForEncodings = 0;
			knownRegions = (
				en,
				Base,
			);
			mainGroup = 24FC7A2A2844C9BD002581FD;
			productRefGroup = 24FC7A342844C9BD002581FD /* Products */;
			projectDirPath = "";
			projectRoot = "";
			targets = (
				24FC7A322844C9BD002581FD /* MedcineAppOvats */,
				24FC7A402844C9BF002581FD /* MedcineAppOvats WatchKit App */,
				24FC7A4B2844C9C0002581FD /* MedcineAppOvats WatchKit Extension */,
			);
		};
/* End PBXProject section */

/* Begin PBXResourcesBuildPhase section */
		24FC7A312844C9BD002581FD /* Resources */ = {
			isa = PBXResourcesBuildPhase;
			buildActionMask = 2147483647;
			files = (
				24FC7A3E2844C9BF002581FD /* Preview Assets.xcassets in Resources */,
				24FC7A3B2844C9BF002581FD /* Assets.xcassets in Resources */,
			);
			runOnlyForDeploymentPostprocessing = 0;
		};
		24FC7A3F2844C9BF002581FD /* Resources */ = {
			isa = PBXResourcesBuildPhase;
			buildActionMask = 2147483647;
			files = (
				24FC7A472844C9C0002581FD /* Assets.xcassets in Resources */,
			);
			runOnlyForDeploymentPostprocessing = 0;
		};
		24FC7A4A2844C9C0002581FD /* Resources */ = {
			isa = PBXResourcesBuildPhase;
			buildActionMask = 2147483647;
			files = (
				24FC7A5B2844C9C0002581FD /* Preview Assets.xcassets in Resources */,
				24FC7A582844C9C0002581FD /* Assets.xcassets in Resources */,
			);
			runOnlyForDeploymentPostprocessing = 0;
		};
/* End PBXResourcesBuildPhase section */

/* Begin PBXSourcesBuildPhase section */
		24FC7A2F2844C9BD002581FD /* Sources */ = {
			isa = PBXSourcesBuildPhase;
			buildActionMask = 2147483647;
			files = (
				24CD69C328479E28000BEC0C /* WatchKit.swift in Sources */,
				24CD69BD28479CFE000BEC0C /* Day+CoreDataClass.swift in Sources */,
				24FC7A6F28452A8F002581FD /* RowCell.swift in Sources */,
				24CD69B92847963D000BEC0C /* DataModel.xcdatamodeld in Sources */,
				24FC7A392844C9BD002581FD /* ContentView.swift in Sources */,
				24FC7A372844C9BD002581FD /* MedcineAppOvatsApp.swift in Sources */,
				24FC7A6C2844CA3A002581FD /* CDStack.swift in Sources */,
				24CD69BF28479CFE000BEC0C /* Day+CoreDataProperties.swift in Sources */,
			);
			runOnlyForDeploymentPostprocessing = 0;
		};
		24FC7A482844C9C0002581FD /* Sources */ = {
			isa = PBXSourcesBuildPhase;
			buildActionMask = 2147483647;
			files = (
				24CD69C428479E28000BEC0C /* WatchKit.swift in Sources */,
				24CD69C028479CFE000BEC0C /* Day+CoreDataProperties.swift in Sources */,
				24FC7A70284545EE002581FD /* ContentView.swift in Sources */,
				24794704284580BF00ECF90C /* CDStack.swift in Sources */,
				24FC7A542844C9C0002581FD /* MedcineAppOvatsApp.swift in Sources */,
				24CD69BA2847967D000BEC0C /* DataModel.xcdatamodeld in Sources */,
				24FC7A71284546BB002581FD /* RowCell.swift in Sources */,
				24CD69BE28479CFE000BEC0C /* Day+CoreDataClass.swift in Sources */,
				24FC7A562844C9C0002581FD /* ComplicationController.swift in Sources */,
			);
			runOnlyForDeploymentPostprocessing = 0;
		};
/* End PBXSourcesBuildPhase section */

/* Begin PBXTargetDependency section */
		24FC7A442844C9BF002581FD /* PBXTargetDependency */ = {
			isa = PBXTargetDependency;
			target = 24FC7A402844C9BF002581FD /* MedcineAppOvats WatchKit App */;
			targetProxy = 24FC7A432844C9BF002581FD /* PBXContainerItemProxy */;
		};
		24FC7A4F2844C9C0002581FD /* PBXTargetDependency */ = {
			isa = PBXTargetDependency;
			target = 24FC7A4B2844C9C0002581FD /* MedcineAppOvats WatchKit Extension */;
			targetProxy = 24FC7A4E2844C9C0002581FD /* PBXContainerItemProxy */;
		};
/* End PBXTargetDependency section */

/* Begin XCBuildConfiguration section */
		24FC7A5D2844C9C0002581FD /* Debug */ = {
			isa = XCBuildConfiguration;
			buildSettings = {
				ALWAYS_SEARCH_USER_PATHS = NO;
				CLANG_ANALYZER_NONNULL = YES;
				CLANG_ANALYZER_NUMBER_OBJECT_CONVERSION = YES_AGGRESSIVE;
				CLANG_CXX_LANGUAGE_STANDARD = "gnu++17";
				CLANG_ENABLE_MODULES = YES;
				CLANG_ENABLE_OBJC_ARC = YES;
				CLANG_ENABLE_OBJC_WEAK = YES;
				CLANG_WARN_BLOCK_CAPTURE_AUTORELEASING = YES;
				CLANG_WARN_BOOL_CONVERSION = YES;
				CLANG_WARN_COMMA = YES;
				CLANG_WARN_CONSTANT_CONVERSION = YES;
				CLANG_WARN_DEPRECATED_OBJC_IMPLEMENTATIONS = YES;
				CLANG_WARN_DIRECT_OBJC_ISA_USAGE = YES_ERROR;
				CLANG_WARN_DOCUMENTATION_COMMENTS = YES;
				CLANG_WARN_EMPTY_BODY = YES;
				CLANG_WARN_ENUM_CONVERSION = YES;
				CLANG_WARN_INFINITE_RECURSION = YES;
				CLANG_WARN_INT_CONVERSION = YES;
				CLANG_WARN_NON_LITERAL_NULL_CONVERSION = YES;
				CLANG_WARN_OBJC_IMPLICIT_RETAIN_SELF = YES;
				CLANG_WARN_OBJC_LITERAL_CONVERSION = YES;
				CLANG_WARN_OBJC_ROOT_CLASS = YES_ERROR;
				CLANG_WARN_QUOTED_INCLUDE_IN_FRAMEWORK_HEADER = YES;
				CLANG_WARN_RANGE_LOOP_ANALYSIS = YES;
				CLANG_WARN_STRICT_PROTOTYPES = YES;
				CLANG_WARN_SUSPICIOUS_MOVE = YES;
				CLANG_WARN_UNGUARDED_AVAILABILITY = YES_AGGRESSIVE;
				CLANG_WARN_UNREACHABLE_CODE = YES;
				CLANG_WARN__DUPLICATE_METHOD_MATCH = YES;
				COPY_PHASE_STRIP = NO;
				DEBUG_INFORMATION_FORMAT = dwarf;
				ENABLE_STRICT_OBJC_MSGSEND = YES;
				ENABLE_TESTABILITY = YES;
				GCC_C_LANGUAGE_STANDARD = gnu11;
				GCC_DYNAMIC_NO_PIC = NO;
				GCC_NO_COMMON_BLOCKS = YES;
				GCC_OPTIMIZATION_LEVEL = 0;
				GCC_PREPROCESSOR_DEFINITIONS = (
					"DEBUG=1",
					"$(inherited)",
				);
				GCC_WARN_64_TO_32_BIT_CONVERSION = YES;
				GCC_WARN_ABOUT_RETURN_TYPE = YES_ERROR;
				GCC_WARN_UNDECLARED_SELECTOR = YES;
				GCC_WARN_UNINITIALIZED_AUTOS = YES_AGGRESSIVE;
				GCC_WARN_UNUSED_FUNCTION = YES;
				GCC_WARN_UNUSED_VARIABLE = YES;
				MTL_ENABLE_DEBUG_INFO = INCLUDE_SOURCE;
				MTL_FAST_MATH = YES;
				ONLY_ACTIVE_ARCH = YES;
				SWIFT_ACTIVE_COMPILATION_CONDITIONS = DEBUG;
				SWIFT_OPTIMIZATION_LEVEL = "-Onone";
			};
			name = Debug;
		};
		24FC7A5E2844C9C0002581FD /* Release */ = {
			isa = XCBuildConfiguration;
			buildSettings = {
				ALWAYS_SEARCH_USER_PATHS = NO;
				CLANG_ANALYZER_NONNULL = YES;
				CLANG_ANALYZER_NUMBER_OBJECT_CONVERSION = YES_AGGRESSIVE;
				CLANG_CXX_LANGUAGE_STANDARD = "gnu++17";
				CLANG_ENABLE_MODULES = YES;
				CLANG_ENABLE_OBJC_ARC = YES;
				CLANG_ENABLE_OBJC_WEAK = YES;
				CLANG_WARN_BLOCK_CAPTURE_AUTORELEASING = YES;
				CLANG_WARN_BOOL_CONVERSION = YES;
				CLANG_WARN_COMMA = YES;
				CLANG_WARN_CONSTANT_CONVERSION = YES;
				CLANG_WARN_DEPRECATED_OBJC_IMPLEMENTATIONS = YES;
				CLANG_WARN_DIRECT_OBJC_ISA_USAGE = YES_ERROR;
				CLANG_WARN_DOCUMENTATION_COMMENTS = YES;
				CLANG_WARN_EMPTY_BODY = YES;
				CLANG_WARN_ENUM_CONVERSION = YES;
				CLANG_WARN_INFINITE_RECURSION = YES;
				CLANG_WARN_INT_CONVERSION = YES;
				CLANG_WARN_NON_LITERAL_NULL_CONVERSION = YES;
				CLANG_WARN_OBJC_IMPLICIT_RETAIN_SELF = YES;
				CLANG_WARN_OBJC_LITERAL_CONVERSION = YES;
				CLANG_WARN_OBJC_ROOT_CLASS = YES_ERROR;
				CLANG_WARN_QUOTED_INCLUDE_IN_FRAMEWORK_HEADER = YES;
				CLANG_WARN_RANGE_LOOP_ANALYSIS = YES;
				CLANG_WARN_STRICT_PROTOTYPES = YES;
				CLANG_WARN_SUSPICIOUS_MOVE = YES;
				CLANG_WARN_UNGUARDED_AVAILABILITY = YES_AGGRESSIVE;
				CLANG_WARN_UNREACHABLE_CODE = YES;
				CLANG_WARN__DUPLICATE_METHOD_MATCH = YES;
				COPY_PHASE_STRIP = NO;
				DEBUG_INFORMATION_FORMAT = "dwarf-with-dsym";
				ENABLE_NS_ASSERTIONS = NO;
				ENABLE_STRICT_OBJC_MSGSEND = YES;
				GCC_C_LANGUAGE_STANDARD = gnu11;
				GCC_NO_COMMON_BLOCKS = YES;
				GCC_WARN_64_TO_32_BIT_CONVERSION = YES;
				GCC_WARN_ABOUT_RETURN_TYPE = YES_ERROR;
				GCC_WARN_UNDECLARED_SELECTOR = YES;
				GCC_WARN_UNINITIALIZED_AUTOS = YES_AGGRESSIVE;
				GCC_WARN_UNUSED_FUNCTION = YES;
				GCC_WARN_UNUSED_VARIABLE = YES;
				MTL_ENABLE_DEBUG_INFO = NO;
				MTL_FAST_MATH = YES;
				SWIFT_COMPILATION_MODE = wholemodule;
				SWIFT_OPTIMIZATION_LEVEL = "-O";
			};
			name = Release;
		};
		24FC7A602844C9C0002581FD /* Debug */ = {
			isa = XCBuildConfiguration;
			buildSettings = {
				ASSETCATALOG_COMPILER_COMPLICATION_NAME = Complication;
				CODE_SIGN_STYLE = Automatic;
				CURRENT_PROJECT_VERSION = 1;
				DEVELOPMENT_ASSET_PATHS = "\"MedcineAppOvats WatchKit Extension/Preview Content\"";
				DEVELOPMENT_TEAM = G42C3QL88Q;
				ENABLE_PREVIEWS = YES;
				GENERATE_INFOPLIST_FILE = YES;
				INFOPLIST_FILE = "MedcineAppOvats WatchKit Extension/Info.plist";
				INFOPLIST_KEY_CFBundleDisplayName = "MedcineAppOvats WatchKit Extension";
				INFOPLIST_KEY_CLKComplicationPrincipalClass = "$(PRODUCT_MODULE_NAME).ComplicationController";
				INFOPLIST_KEY_NSHumanReadableCopyright = "";
				INFOPLIST_KEY_WKRunsIndependentlyOfCompanionApp = YES;
				LD_RUNPATH_SEARCH_PATHS = (
					"$(inherited)",
					"@executable_path/Frameworks",
					"@executable_path/../../Frameworks",
				);
				MARKETING_VERSION = 1.0;
				PRODUCT_BUNDLE_IDENTIFIER = com.OshinVats.MedcineAppOvats.watchkitapp.watchkitextension;
				PRODUCT_NAME = "${TARGET_NAME}";
				SDKROOT = watchos;
				SKIP_INSTALL = YES;
				SWIFT_EMIT_LOC_STRINGS = YES;
				SWIFT_VERSION = 5.0;
				TARGETED_DEVICE_FAMILY = 4;
				WATCHOS_DEPLOYMENT_TARGET = 8.5;
			};
			name = Debug;
		};
		24FC7A612844C9C0002581FD /* Release */ = {
			isa = XCBuildConfiguration;
			buildSettings = {
				ASSETCATALOG_COMPILER_COMPLICATION_NAME = Complication;
				CODE_SIGN_STYLE = Automatic;
				CURRENT_PROJECT_VERSION = 1;
				DEVELOPMENT_ASSET_PATHS = "\"MedcineAppOvats WatchKit Extension/Preview Content\"";
				DEVELOPMENT_TEAM = G42C3QL88Q;
				ENABLE_PREVIEWS = YES;
				GENERATE_INFOPLIST_FILE = YES;
				INFOPLIST_FILE = "MedcineAppOvats WatchKit Extension/Info.plist";
				INFOPLIST_KEY_CFBundleDisplayName = "MedcineAppOvats WatchKit Extension";
				INFOPLIST_KEY_CLKComplicationPrincipalClass = "$(PRODUCT_MODULE_NAME).ComplicationController";
				INFOPLIST_KEY_NSHumanReadableCopyright = "";
				INFOPLIST_KEY_WKRunsIndependentlyOfCompanionApp = YES;
				LD_RUNPATH_SEARCH_PATHS = (
					"$(inherited)",
					"@executable_path/Frameworks",
					"@executable_path/../../Frameworks",
				);
				MARKETING_VERSION = 1.0;
				PRODUCT_BUNDLE_IDENTIFIER = com.OshinVats.MedcineAppOvats.watchkitapp.watchkitextension;
				PRODUCT_NAME = "${TARGET_NAME}";
				SDKROOT = watchos;
				SKIP_INSTALL = YES;
				SWIFT_EMIT_LOC_STRINGS = YES;
				SWIFT_VERSION = 5.0;
				TARGETED_DEVICE_FAMILY = 4;
				VALIDATE_PRODUCT = YES;
				WATCHOS_DEPLOYMENT_TARGET = 8.5;
			};
			name = Release;
		};
		24FC7A642844C9C0002581FD /* Debug */ = {
			isa = XCBuildConfiguration;
			buildSettings = {
				ALWAYS_EMBED_SWIFT_STANDARD_LIBRARIES = YES;
				ASSETCATALOG_COMPILER_APPICON_NAME = AppIcon;
				ASSETCATALOG_COMPILER_GLOBAL_ACCENT_COLOR_NAME = AccentColor;
				CLANG_ENABLE_MODULES = YES;
				CODE_SIGN_STYLE = Automatic;
				CURRENT_PROJECT_VERSION = 1;
				DEVELOPMENT_TEAM = G42C3QL88Q;
				GENERATE_INFOPLIST_FILE = YES;
				IBSC_MODULE = MedcineAppOvats_WatchKit_Extension;
				INFOPLIST_KEY_CFBundleDisplayName = "MedcineAppOvats WatchKit App";
				INFOPLIST_KEY_UISupportedInterfaceOrientations = "UIInterfaceOrientationPortrait UIInterfaceOrientationPortraitUpsideDown";
				INFOPLIST_KEY_WKCompanionAppBundleIdentifier = com.OshinVats.MedcineAppOvats;
				LD_RUNPATH_SEARCH_PATHS = (
					"$(inherited)",
					"@executable_path/../Frameworks",
					"@loader_path/../Frameworks",
				);
				MARKETING_VERSION = 1.0;
				PRODUCT_BUNDLE_IDENTIFIER = com.OshinVats.MedcineAppOvats.watchkitapp;
				PRODUCT_NAME = "$(TARGET_NAME)";
				SDKROOT = watchos;
				SKIP_INSTALL = YES;
				SWIFT_EMIT_LOC_STRINGS = YES;
				SWIFT_OPTIMIZATION_LEVEL = "-Onone";
				SWIFT_VERSION = 5.0;
				TARGETED_DEVICE_FAMILY = 4;
				WATCHOS_DEPLOYMENT_TARGET = 8.5;
			};
			name = Debug;
		};
		24FC7A652844C9C0002581FD /* Release */ = {
			isa = XCBuildConfiguration;
			buildSettings = {
				ALWAYS_EMBED_SWIFT_STANDARD_LIBRARIES = YES;
				ASSETCATALOG_COMPILER_APPICON_NAME = AppIcon;
				ASSETCATALOG_COMPILER_GLOBAL_ACCENT_COLOR_NAME = AccentColor;
				CLANG_ENABLE_MODULES = YES;
				CODE_SIGN_STYLE = Automatic;
				CURRENT_PROJECT_VERSION = 1;
				DEVELOPMENT_TEAM = G42C3QL88Q;
				GENERATE_INFOPLIST_FILE = YES;
				IBSC_MODULE = MedcineAppOvats_WatchKit_Extension;
				INFOPLIST_KEY_CFBundleDisplayName = "MedcineAppOvats WatchKit App";
				INFOPLIST_KEY_UISupportedInterfaceOrientations = "UIInterfaceOrientationPortrait UIInterfaceOrientationPortraitUpsideDown";
				INFOPLIST_KEY_WKCompanionAppBundleIdentifier = com.OshinVats.MedcineAppOvats;
				LD_RUNPATH_SEARCH_PATHS = (
					"$(inherited)",
					"@executable_path/../Frameworks",
					"@loader_path/../Frameworks",
				);
				MARKETING_VERSION = 1.0;
				PRODUCT_BUNDLE_IDENTIFIER = com.OshinVats.MedcineAppOvats.watchkitapp;
				PRODUCT_NAME = "$(TARGET_NAME)";
				SDKROOT = watchos;
				SKIP_INSTALL = YES;
				SWIFT_EMIT_LOC_STRINGS = YES;
				SWIFT_VERSION = 5.0;
				TARGETED_DEVICE_FAMILY = 4;
				VALIDATE_PRODUCT = YES;
				WATCHOS_DEPLOYMENT_TARGET = 8.5;
			};
			name = Release;
		};
		24FC7A682844C9C0002581FD /* Debug */ = {
			isa = XCBuildConfiguration;
			buildSettings = {
				ASSETCATALOG_COMPILER_APPICON_NAME = AppIcon;
				ASSETCATALOG_COMPILER_GLOBAL_ACCENT_COLOR_NAME = AccentColor;
				CODE_SIGN_STYLE = Automatic;
				CURRENT_PROJECT_VERSION = 1;
				DEVELOPMENT_ASSET_PATHS = "\"MedcineAppOvats/Preview Content\"";
				DEVELOPMENT_TEAM = G42C3QL88Q;
				ENABLE_PREVIEWS = YES;
				GENERATE_INFOPLIST_FILE = YES;
				INFOPLIST_KEY_UIApplicationSceneManifest_Generation = YES;
				INFOPLIST_KEY_UIApplicationSupportsIndirectInputEvents = YES;
				INFOPLIST_KEY_UILaunchScreen_Generation = YES;
				INFOPLIST_KEY_UISupportedInterfaceOrientations_iPad = "UIInterfaceOrientationPortrait UIInterfaceOrientationPortraitUpsideDown UIInterfaceOrientationLandscapeLeft UIInterfaceOrientationLandscapeRight";
				INFOPLIST_KEY_UISupportedInterfaceOrientations_iPhone = "UIInterfaceOrientationPortrait UIInterfaceOrientationLandscapeLeft UIInterfaceOrientationLandscapeRight";
				IPHONEOS_DEPLOYMENT_TARGET = 15.5;
				LD_RUNPATH_SEARCH_PATHS = (
					"$(inherited)",
					"@executable_path/Frameworks",
				);
				MARKETING_VERSION = 1.0;
				PRODUCT_BUNDLE_IDENTIFIER = com.OshinVats.MedcineAppOvats;
				PRODUCT_NAME = "$(TARGET_NAME)";
				SDKROOT = iphoneos;
				SWIFT_EMIT_LOC_STRINGS = YES;
				SWIFT_VERSION = 5.0;
				TARGETED_DEVICE_FAMILY = "1,2";
			};
			name = Debug;
		};
		24FC7A692844C9C0002581FD /* Release */ = {
			isa = XCBuildConfiguration;
			buildSettings = {
				ASSETCATALOG_COMPILER_APPICON_NAME = AppIcon;
				ASSETCATALOG_COMPILER_GLOBAL_ACCENT_COLOR_NAME = AccentColor;
				CODE_SIGN_STYLE = Automatic;
				CURRENT_PROJECT_VERSION = 1;
				DEVELOPMENT_ASSET_PATHS = "\"MedcineAppOvats/Preview Content\"";
				DEVELOPMENT_TEAM = G42C3QL88Q;
				ENABLE_PREVIEWS = YES;
				GENERATE_INFOPLIST_FILE = YES;
				INFOPLIST_KEY_UIApplicationSceneManifest_Generation = YES;
				INFOPLIST_KEY_UIApplicationSupportsIndirectInputEvents = YES;
				INFOPLIST_KEY_UILaunchScreen_Generation = YES;
				INFOPLIST_KEY_UISupportedInterfaceOrientations_iPad = "UIInterfaceOrientationPortrait UIInterfaceOrientationPortraitUpsideDown UIInterfaceOrientationLandscapeLeft UIInterfaceOrientationLandscapeRight";
				INFOPLIST_KEY_UISupportedInterfaceOrientations_iPhone = "UIInterfaceOrientationPortrait UIInterfaceOrientationLandscapeLeft UIInterfaceOrientationLandscapeRight";
				IPHONEOS_DEPLOYMENT_TARGET = 15.5;
				LD_RUNPATH_SEARCH_PATHS = (
					"$(inherited)",
					"@executable_path/Frameworks",
				);
				MARKETING_VERSION = 1.0;
				PRODUCT_BUNDLE_IDENTIFIER = com.OshinVats.MedcineAppOvats;
				PRODUCT_NAME = "$(TARGET_NAME)";
				SDKROOT = iphoneos;
				SWIFT_EMIT_LOC_STRINGS = YES;
				SWIFT_VERSION = 5.0;
				TARGETED_DEVICE_FAMILY = "1,2";
				VALIDATE_PRODUCT = YES;
			};
			name = Release;
		};
/* End XCBuildConfiguration section */

/* Begin XCConfigurationList section */
		24FC7A2E2844C9BD002581FD /* Build configuration list for PBXProject "MedcineAppOvats" */ = {
			isa = XCConfigurationList;
			buildConfigurations = (
				24FC7A5D2844C9C0002581FD /* Debug */,
				24FC7A5E2844C9C0002581FD /* Release */,
			);
			defaultConfigurationIsVisible = 0;
			defaultConfigurationName = Release;
		};
		24FC7A5F2844C9C0002581FD /* Build configuration list for PBXNativeTarget "MedcineAppOvats WatchKit Extension" */ = {
			isa = XCConfigurationList;
			buildConfigurations = (
				24FC7A602844C9C0002581FD /* Debug */,
				24FC7A612844C9C0002581FD /* Release */,
			);
			defaultConfigurationIsVisible = 0;
			defaultConfigurationName = Release;
		};
		24FC7A632844C9C0002581FD /* Build configuration list for PBXNativeTarget "MedcineAppOvats WatchKit App" */ = {
			isa = XCConfigurationList;
			buildConfigurations = (
				24FC7A642844C9C0002581FD /* Debug */,
				24FC7A652844C9C0002581FD /* Release */,
			);
			defaultConfigurationIsVisible = 0;
			defaultConfigurationName = Release;
		};
		24FC7A672844C9C0002581FD /* Build configuration list for PBXNativeTarget "MedcineAppOvats" */ = {
			isa = XCConfigurationList;
			buildConfigurations = (
				24FC7A682844C9C0002581FD /* Debug */,
				24FC7A692844C9C0002581FD /* Release */,
			);
			defaultConfigurationIsVisible = 0;
			defaultConfigurationName = Release;
		};
/* End XCConfigurationList section */

/* Begin XCVersionGroup section */
		24CD69B72847963D000BEC0C /* DataModel.xcdatamodeld */ = {
			isa = XCVersionGroup;
			children = (
				24CD69B82847963D000BEC0C /* DataModel.xcdatamodel */,
			);
			currentVersion = 24CD69B82847963D000BEC0C /* DataModel.xcdatamodel */;
			path = DataModel.xcdatamodeld;
			sourceTree = "<group>";
			versionGroupType = wrapper.xcdatamodel;
		};
/* End XCVersionGroup section */
	};
	rootObject = 24FC7A2B2844C9BD002581FD /* Project object */;
}
